
Microsoft Visual Studio Solution File, Format Version 12.00
# Visual Studio Version 16
VisualStudioVersion = 16.0.30028.174
MinimumVisualStudioVersion = 10.0.40219.1
Project("{FAE04EC0-301F-11D3-BF4B-00C04F79EFBC}") = "BlazorReferenceClient", "BlazorReferenceClient\BlazorReferenceClient.csproj", "{DD9B2638-D376-478F-95F9-2848FA1D1427}"
EndProject
Project("{2150E333-8FDC-42A3-9474-1A3956D46DE8}") = "Solution Items", "Solution Items", "{2499C409-7BB1-4438-81B1-74DBA9009AE1}"
	ProjectSection(SolutionItems) = preProject
		README.md = README.md
	EndProjectSection
EndProject
Global
	GlobalSection(SolutionConfigurationPlatforms) = preSolution
		Debug|Any CPU = Debug|Any CPU
		Release|Any CPU = Release|Any CPU
	EndGlobalSection
	GlobalSection(ProjectConfigurationPlatforms) = postSolution
		{DD9B2638-D376-478F-95F9-2848FA1D1427}.Debug|Any CPU.ActiveCfg = Debug|Any CPU
		{DD9B2638-D376-478F-95F9-2848FA1D1427}.Debug|Any CPU.Build.0 = Debug|Any CPU
		{DD9B2638-D376-478F-95F9-2848FA1D1427}.Release|Any CPU.ActiveCfg = Release|Any CPU
		{DD9B2638-D376-478F-95F9-2848FA1D1427}.Release|Any CPU.Build.0 = Release|Any CPU
	EndGlobalSection
	GlobalSection(SolutionProperties) = preSolution
		HideSolutionNode = FALSE
	EndGlobalSection
	GlobalSection(ExtensibilityGlobals) = postSolution
		SolutionGuid = {E73BC8E3-678E-41B6-88BC-8E9DE3B3B957}
	EndGlobalSection
EndGlobal
